<?xml version="1.0" encoding="utf-8"?>
<Project ToolsVersion="14.0" xmlns="http://schemas.microsoft.com/developer/msbuild/2003">
  <ItemGroup>
    <ClCompile Include="SkelCore\src\imgui\imgui.cpp">
      <Filter>src\imgui</Filter>
    </ClCompile>
    <ClCompile Include="SkelCore\src\imgui\imgui_demo.cpp">
      <Filter>src\imgui</Filter>
    </ClCompile>
    <ClCompile Include="SkelCore\src\imgui\imgui_draw.cpp">
      <Filter>src\imgui</Filter>
    </ClCompile>
    <ClCompile Include="SkelCore\src\imgui\imgui_impl_dx11.cpp">
      <Filter>src\imgui</Filter>
    </ClCompile>
    <ClCompile Include="SkelCore\src\imgui\imgui_impl_glfw_gl3.cpp">
      <Filter>src\imgui</Filter>
    </ClCompile>
    <ClCompile Include="SkelCore\src\main.cpp">
      <Filter>src</Filter>
    </ClCompile>
    <ClCompile Include="SkelCore\src\platform\directx\graphics\Context.cpp">
      <Filter>src\platform\directx\graphics</Filter>
    </ClCompile>
    <ClCompile Include="SkelCore\src\platform\directx\graphics\DXCamera.cpp">
      <Filter>src\platform\directx\graphics</Filter>
    </ClCompile>
    <ClCompile Include="SkelCore\src\platform\directx\graphics\DXIndexBuffer.cpp">
      <Filter>src\platform\directx\graphics</Filter>
    </ClCompile>
    <ClCompile Include="SkelCore\src\platform\directx\graphics\DXShader.cpp">
      <Filter>src\platform\directx\graphics</Filter>
    </ClCompile>
    <ClCompile Include="SkelCore\src\platform\directx\graphics\DXTexture.cpp">
      <Filter>src\platform\directx\graphics</Filter>
    </ClCompile>
    <ClCompile Include="SkelCore\src\platform\directx\graphics\DXVertexBuffer.cpp">
      <Filter>src\platform\directx\graphics</Filter>
    </ClCompile>
    <ClCompile Include="SkelCore\src\platform\directx\graphics\DXWindow.cpp">
      <Filter>src\platform\directx\graphics</Filter>
    </ClCompile>
    <ClCompile Include="SkelCore\src\platform\opengl\ecs\components\MeshComponent.cpp">
      <Filter>src\platform\opengl\ecs\components</Filter>
    </ClCompile>
    <ClCompile Include="SkelCore\src\platform\opengl\ecs\Entity.cpp">
      <Filter>src\platform\opengl\ecs</Filter>
    </ClCompile>
    <ClCompile Include="SkelCore\src\platform\opengl\graphics\camera\camera.cpp">
      <Filter>src\platform\opengl\graphics\camera</Filter>
    </ClCompile>
    <ClCompile Include="SkelCore\src\platform\opengl\graphics\lighting\DirectionalLight.cpp">
      <Filter>src\platform\opengl\graphics\lighting</Filter>
    </ClCompile>
    <ClCompile Include="SkelCore\src\platform\opengl\graphics\mesh.cpp">
      <Filter>src\platform\opengl\graphics</Filter>
    </ClCompile>
    <ClCompile Include="SkelCore\src\platform\opengl\graphics\model.cpp">
      <Filter>src\platform\opengl\graphics</Filter>
    </ClCompile>
    <ClCompile Include="SkelCore\src\platform\opengl\graphics\opengl\IndexBuffer.cpp">
      <Filter>src\platform\opengl\graphics\opengl</Filter>
    </ClCompile>
    <ClCompile Include="SkelCore\src\platform\opengl\graphics\opengl\Shader.cpp">
      <Filter>src\platform\opengl\graphics\opengl</Filter>
    </ClCompile>
    <ClCompile Include="SkelCore\src\platform\opengl\graphics\opengl\Texture.cpp">
      <Filter>src\platform\opengl\graphics\opengl</Filter>
    </ClCompile>
    <ClCompile Include="SkelCore\src\platform\opengl\graphics\opengl\VertexArray.cpp">
      <Filter>src\platform\opengl\graphics\opengl</Filter>
    </ClCompile>
    <ClCompile Include="SkelCore\src\platform\opengl\graphics\opengl\VertexBuffer.cpp">
      <Filter>src\platform\opengl\graphics\opengl</Filter>
    </ClCompile>
    <ClCompile Include="SkelCore\src\platform\opengl\graphics\Skybox.cpp">
      <Filter>src\platform\opengl\graphics</Filter>
    </ClCompile>
    <ClCompile Include="SkelCore\src\platform\opengl\graphics\window.cpp">
      <Filter>src\platform\opengl\graphics</Filter>
    </ClCompile>
    <ClCompile Include="SkelCore\src\platform\opengl\math\Transform.cpp">
      <Filter>src\platform\opengl\math</Filter>
    </ClCompile>
    <ClCompile Include="SkelCore\src\ui\ui_window.cpp">
      <Filter>src\ui</Filter>
    </ClCompile>
  </ItemGroup>
  <ItemGroup>
    <ClInclude Include="SkelCore\src\DXScene.h">
      <Filter>src</Filter>
    </ClInclude>
    <ClInclude Include="SkelCore\src\GLScene.h">
      <Filter>src</Filter>
    </ClInclude>
    <ClInclude Include="SkelCore\src\imgui\imconfig.h">
      <Filter>src\imgui</Filter>
    </ClInclude>
    <ClInclude Include="SkelCore\src\imgui\imgui.h">
      <Filter>src\imgui</Filter>
    </ClInclude>
    <ClInclude Include="SkelCore\src\imgui\imgui_impl_dx11.h">
      <Filter>src\imgui</Filter>
    </ClInclude>
    <ClInclude Include="SkelCore\src\imgui\imgui_impl_glfw_gl3.h">
      <Filter>src\imgui</Filter>
    </ClInclude>
    <ClInclude Include="SkelCore\src\imgui\imgui_internal.h">
      <Filter>src\imgui</Filter>
    </ClInclude>
    <ClInclude Include="SkelCore\src\imgui\stb_rect_pack.h">
      <Filter>src\imgui</Filter>
    </ClInclude>
    <ClInclude Include="SkelCore\src\imgui\stb_textedit.h">
      <Filter>src\imgui</Filter>
    </ClInclude>
    <ClInclude Include="SkelCore\src\imgui\stb_truetype.h">
      <Filter>src\imgui</Filter>
    </ClInclude>
    <ClInclude Include="SkelCore\src\platform\directx\graphics\Context.h">
      <Filter>src\platform\directx\graphics</Filter>
    </ClInclude>
    <ClInclude Include="SkelCore\src\platform\directx\graphics\DXCamera.h">
      <Filter>src\platform\directx\graphics</Filter>
    </ClInclude>
    <ClInclude Include="SkelCore\src\platform\directx\graphics\DXIndexBuffer.h">
      <Filter>src\platform\directx\graphics</Filter>
    </ClInclude>
    <ClInclude Include="SkelCore\src\platform\directx\graphics\DXShader.h">
      <Filter>src\platform\directx\graphics</Filter>
    </ClInclude>
    <ClInclude Include="SkelCore\src\platform\directx\graphics\DXTexture.h">
      <Filter>src\platform\directx\graphics</Filter>
    </ClInclude>
    <ClInclude Include="SkelCore\src\platform\directx\graphics\DXVertexBuffer.h">
      <Filter>src\platform\directx\graphics</Filter>
    </ClInclude>
    <ClInclude Include="SkelCore\src\platform\directx\graphics\DXWindow.h">
      <Filter>src\platform\directx\graphics</Filter>
    </ClInclude>
    <ClInclude Include="SkelCore\src\platform\opengl\ecs\components\Component.h">
      <Filter>src\platform\opengl\ecs\components</Filter>
    </ClInclude>
    <ClInclude Include="SkelCore\src\platform\opengl\ecs\components\MeshComponent.h">
      <Filter>src\platform\opengl\ecs\components</Filter>
    </ClInclude>
    <ClInclude Include="SkelCore\src\platform\opengl\ecs\Entity.h">
      <Filter>src\platform\opengl\ecs</Filter>
    </ClInclude>
    <ClInclude Include="SkelCore\src\platform\opengl\graphics\camera\camera.h">
      <Filter>src\platform\opengl\graphics\camera</Filter>
    </ClInclude>
    <ClInclude Include="SkelCore\src\platform\opengl\graphics\lighting\DirectionalLight.h">
      <Filter>src\platform\opengl\graphics\lighting</Filter>
    </ClInclude>
    <ClInclude Include="SkelCore\src\platform\opengl\graphics\mesh.h">
      <Filter>src\platform\opengl\graphics</Filter>
    </ClInclude>
    <ClInclude Include="SkelCore\src\platform\opengl\graphics\model.h">
      <Filter>src\platform\opengl\graphics</Filter>
    </ClInclude>
    <ClInclude Include="SkelCore\src\platform\opengl\graphics\opengl\IndexBuffer.h">
      <Filter>src\platform\opengl\graphics\opengl</Filter>
    </ClInclude>
    <ClInclude Include="SkelCore\src\platform\opengl\graphics\opengl\Opengl.h">
      <Filter>src\platform\opengl\graphics\opengl</Filter>
    </ClInclude>
    <ClInclude Include="SkelCore\src\platform\opengl\graphics\opengl\shader.h">
      <Filter>src\platform\opengl\graphics\opengl</Filter>
    </ClInclude>
    <ClInclude Include="SkelCore\src\platform\opengl\graphics\opengl\stb_image.h">
      <Filter>src\platform\opengl\graphics\opengl</Filter>
    </ClInclude>
    <ClInclude Include="SkelCore\src\platform\opengl\graphics\opengl\texture.h">
      <Filter>src\platform\opengl\graphics\opengl</Filter>
    </ClInclude>
    <ClInclude Include="SkelCore\src\platform\opengl\graphics\opengl\VertexArray.h">
      <Filter>src\platform\opengl\graphics\opengl</Filter>
    </ClInclude>
    <ClInclude Include="SkelCore\src\platform\opengl\graphics\opengl\VertexBuffer.h">
      <Filter>src\platform\opengl\graphics\opengl</Filter>
    </ClInclude>
    <ClInclude Include="SkelCore\src\platform\opengl\graphics\Skybox.h">
      <Filter>src\platform\opengl\graphics</Filter>
    </ClInclude>
    <ClInclude Include="SkelCore\src\platform\opengl\graphics\window.h">
      <Filter>src\platform\opengl\graphics</Filter>
    </ClInclude>
    <ClInclude Include="SkelCore\src\platform\opengl\math\Transform.h">
      <Filter>src\platform\opengl\math</Filter>
    </ClInclude>
    <ClInclude Include="SkelCore\src\utils\Common.h">
      <Filter>src\utils</Filter>
    </ClInclude>
    <ClInclude Include="SkelCore\src\utils\Log.h">
      <Filter>src\utils</Filter>
    </ClInclude>
    <ClInclude Include="SkelCore\src\ui\ui_window.h">
      <Filter>src\ui</Filter>
    </ClInclude>
    <ClInclude Include="SkelCore\src\utils\Input.h">
      <Filter>src\utils</Filter>
    </ClInclude>
  </ItemGroup>
  <ItemGroup>
    <Filter Include="src">
      <UniqueIdentifier>{c202d925-8342-8cab-fbac-54dfa101ad31}</UniqueIdentifier>
    </Filter>
    <Filter Include="src\imgui">
      <UniqueIdentifier>{1cdae373-865d-0f6f-d69a-6a32769367eb}</UniqueIdentifier>
    </Filter>
    <Filter Include="src\platform">
      <UniqueIdentifier>{21d0ea94-f8fb-485c-4493-0485562d251c}</UniqueIdentifier>
    </Filter>
    <Filter Include="src\platform\directx">
      <UniqueIdentifier>{c7e26442-aab6-50c9-dab0-489d739cd6b5}</UniqueIdentifier>
    </Filter>
    <Filter Include="src\platform\directx\graphics">
      <UniqueIdentifier>{425e7365-fb09-86bf-4595-63f40f4bddcc}</UniqueIdentifier>
    </Filter>
    <Filter Include="src\platform\opengl">
      <UniqueIdentifier>{a568453b-7e3f-d111-cb6c-5f3e84b19991}</UniqueIdentifier>
    </Filter>
    <Filter Include="src\platform\opengl\ecs">
      <UniqueIdentifier>{21b9cb74-2c03-d5e9-ad71-755ba1658f69}</UniqueIdentifier>
    </Filter>
    <Filter Include="src\platform\opengl\ecs\components">
      <UniqueIdentifier>{47a7bdb1-590a-6090-c75b-d5b940028431}</UniqueIdentifier>
    </Filter>
    <Filter Include="src\platform\opengl\graphics">
      <UniqueIdentifier>{bce40de0-f1cb-04a0-9f1c-7aa8e59d6090}</UniqueIdentifier>
    </Filter>
    <Filter Include="src\platform\opengl\graphics\camera">
      <UniqueIdentifier>{83686713-9f10-f00b-1dcc-0739e3f6e880}</UniqueIdentifier>
    </Filter>
    <Filter Include="src\platform\opengl\graphics\lighting">
      <UniqueIdentifier>{98847ab3-eafd-b0ff-df65-2dea14fb3b47}</UniqueIdentifier>
    </Filter>
    <Filter Include="src\platform\opengl\graphics\opengl">
      <UniqueIdentifier>{7a9564b8-883b-72af-38dd-f939c79e0f3c}</UniqueIdentifier>
    </Filter>
    <Filter Include="src\platform\opengl\math">
      <UniqueIdentifier>{8e7cbd54-d4a2-14f9-c521-ec2820b47333}</UniqueIdentifier>
    </Filter>
    <Filter Include="src\utils">
      <UniqueIdentifier>{e930d7aa-d855-6a29-06b4-c875bb03fdc3}</UniqueIdentifier>
    </Filter>
    <Filter Include="src\ui">
      <UniqueIdentifier>{45951d7e-30de-4bd3-a868-ca3cf5798528}</UniqueIdentifier>
    </Filter>
  </ItemGroup>
  <ItemGroup>
    <None Include="packages.config" />
  </ItemGroup>
</Project>