Microsoft Visual Studio Solution File, Format Version 12.00
# Visual Studio 15
Project("{2150E333-8FDC-42A3-9474-1A3956D46DE8}") = "Engine", "Engine", "{7230FA7B-5E1C-6F72-F17E-3F972237A82C}"
EndProject
Project("{2150E333-8FDC-42A3-9474-1A3956D46DE8}") = "ThirdParty", "ThirdParty", "{DF702D7B-B56F-2457-6ECC-29B745B6114D}"
EndProject
Project("{8BC9CEB8-8B4A-11D0-8D11-00A0C91BC942}") = "EASTL", "Thirdparty\EASTL\EASTL.vcxproj", "{9C15AEBA-EE13-0623-A403-630039B2A451}"
EndProject
Project("{8BC9CEB8-8B4A-11D0-8D11-00A0C91BC942}") = "Engine", "Engine\Engine.vcxproj", "{18F194E8-3EEC-54A0-5D6E-D5068BDA371F}"
EndProject
Project("{8BC9CEB8-8B4A-11D0-8D11-00A0C91BC942}") = "GLEW", "Thirdparty\GLEW\GLEW.vcxproj", "{6E2F6664-90B7-4429-04D1-F81EA2051475}"
EndProject
Project("{8BC9CEB8-8B4A-11D0-8D11-00A0C91BC942}") = "GLM", "Thirdparty\glm\GLM.vcxproj", "{8F18A70B-16BE-C6CB-1E57-C157C64CC0D8}"
EndProject
Project("{8BC9CEB8-8B4A-11D0-8D11-00A0C91BC942}") = "ImGUI", "Thirdparty\ImGUI\ImGUI.vcxproj", "{9E581E4F-06DB-3B49-0BA2-72D80B161A2E}"
EndProject
Project("{8BC9CEB8-8B4A-11D0-8D11-00A0C91BC942}") = "Sandbox", "Sandbox\Sandbox.vcxproj", "{8B693D9B-F404-9426-4002-69CF6B1F0AF1}"
EndProject
Global
	GlobalSection(SolutionConfigurationPlatforms) = preSolution
		Debug|Win32 = Debug|Win32
		Debug|x64 = Debug|x64
		Release|Win32 = Release|Win32
		Release|x64 = Release|x64
	EndGlobalSection
	GlobalSection(ProjectConfigurationPlatforms) = postSolution
		{9C15AEBA-EE13-0623-A403-630039B2A451}.Debug|Win32.ActiveCfg = Debug|Win32
		{9C15AEBA-EE13-0623-A403-630039B2A451}.Debug|Win32.Build.0 = Debug|Win32
		{9C15AEBA-EE13-0623-A403-630039B2A451}.Debug|x64.ActiveCfg = Debug|x64
		{9C15AEBA-EE13-0623-A403-630039B2A451}.Debug|x64.Build.0 = Debug|x64
		{9C15AEBA-EE13-0623-A403-630039B2A451}.Release|Win32.ActiveCfg = Release|Win32
		{9C15AEBA-EE13-0623-A403-630039B2A451}.Release|Win32.Build.0 = Release|Win32
		{9C15AEBA-EE13-0623-A403-630039B2A451}.Release|x64.ActiveCfg = Release|x64
		{9C15AEBA-EE13-0623-A403-630039B2A451}.Release|x64.Build.0 = Release|x64
		{18F194E8-3EEC-54A0-5D6E-D5068BDA371F}.Debug|Win32.ActiveCfg = Debug|Win32
		{18F194E8-3EEC-54A0-5D6E-D5068BDA371F}.Debug|Win32.Build.0 = Debug|Win32
		{18F194E8-3EEC-54A0-5D6E-D5068BDA371F}.Debug|x64.ActiveCfg = Debug|x64
		{18F194E8-3EEC-54A0-5D6E-D5068BDA371F}.Debug|x64.Build.0 = Debug|x64
		{18F194E8-3EEC-54A0-5D6E-D5068BDA371F}.Release|Win32.ActiveCfg = Release|Win32
		{18F194E8-3EEC-54A0-5D6E-D5068BDA371F}.Release|Win32.Build.0 = Release|Win32
		{18F194E8-3EEC-54A0-5D6E-D5068BDA371F}.Release|x64.ActiveCfg = Release|x64
		{18F194E8-3EEC-54A0-5D6E-D5068BDA371F}.Release|x64.Build.0 = Release|x64
		{6E2F6664-90B7-4429-04D1-F81EA2051475}.Debug|Win32.ActiveCfg = Debug|Win32
		{6E2F6664-90B7-4429-04D1-F81EA2051475}.Debug|Win32.Build.0 = Debug|Win32
		{6E2F6664-90B7-4429-04D1-F81EA2051475}.Debug|x64.ActiveCfg = Debug|x64
		{6E2F6664-90B7-4429-04D1-F81EA2051475}.Debug|x64.Build.0 = Debug|x64
		{6E2F6664-90B7-4429-04D1-F81EA2051475}.Release|Win32.ActiveCfg = Release|Win32
		{6E2F6664-90B7-4429-04D1-F81EA2051475}.Release|Win32.Build.0 = Release|Win32
		{6E2F6664-90B7-4429-04D1-F81EA2051475}.Release|x64.ActiveCfg = Release|x64
		{6E2F6664-90B7-4429-04D1-F81EA2051475}.Release|x64.Build.0 = Release|x64
		{8F18A70B-16BE-C6CB-1E57-C157C64CC0D8}.Debug|Win32.ActiveCfg = Debug|Win32
		{8F18A70B-16BE-C6CB-1E57-C157C64CC0D8}.Debug|Win32.Build.0 = Debug|Win32
		{8F18A70B-16BE-C6CB-1E57-C157C64CC0D8}.Debug|x64.ActiveCfg = Debug|x64
		{8F18A70B-16BE-C6CB-1E57-C157C64CC0D8}.Debug|x64.Build.0 = Debug|x64
		{8F18A70B-16BE-C6CB-1E57-C157C64CC0D8}.Release|Win32.ActiveCfg = Release|Win32
		{8F18A70B-16BE-C6CB-1E57-C157C64CC0D8}.Release|Win32.Build.0 = Release|Win32
		{8F18A70B-16BE-C6CB-1E57-C157C64CC0D8}.Release|x64.ActiveCfg = Release|x64
		{8F18A70B-16BE-C6CB-1E57-C157C64CC0D8}.Release|x64.Build.0 = Release|x64
		{9E581E4F-06DB-3B49-0BA2-72D80B161A2E}.Debug|Win32.ActiveCfg = Debug|Win32
		{9E581E4F-06DB-3B49-0BA2-72D80B161A2E}.Debug|Win32.Build.0 = Debug|Win32
		{9E581E4F-06DB-3B49-0BA2-72D80B161A2E}.Debug|x64.ActiveCfg = Debug|x64
		{9E581E4F-06DB-3B49-0BA2-72D80B161A2E}.Debug|x64.Build.0 = Debug|x64
		{9E581E4F-06DB-3B49-0BA2-72D80B161A2E}.Release|Win32.ActiveCfg = Release|Win32
		{9E581E4F-06DB-3B49-0BA2-72D80B161A2E}.Release|Win32.Build.0 = Release|Win32
		{9E581E4F-06DB-3B49-0BA2-72D80B161A2E}.Release|x64.ActiveCfg = Release|x64
		{9E581E4F-06DB-3B49-0BA2-72D80B161A2E}.Release|x64.Build.0 = Release|x64
		{8B693D9B-F404-9426-4002-69CF6B1F0AF1}.Debug|Win32.ActiveCfg = Debug|Win32
		{8B693D9B-F404-9426-4002-69CF6B1F0AF1}.Debug|Win32.Build.0 = Debug|Win32
		{8B693D9B-F404-9426-4002-69CF6B1F0AF1}.Debug|x64.ActiveCfg = Debug|x64
		{8B693D9B-F404-9426-4002-69CF6B1F0AF1}.Debug|x64.Build.0 = Debug|x64
		{8B693D9B-F404-9426-4002-69CF6B1F0AF1}.Release|Win32.ActiveCfg = Release|Win32
		{8B693D9B-F404-9426-4002-69CF6B1F0AF1}.Release|Win32.Build.0 = Release|Win32
		{8B693D9B-F404-9426-4002-69CF6B1F0AF1}.Release|x64.ActiveCfg = Release|x64
		{8B693D9B-F404-9426-4002-69CF6B1F0AF1}.Release|x64.Build.0 = Release|x64
	EndGlobalSection
	GlobalSection(SolutionProperties) = preSolution
		HideSolutionNode = FALSE
	EndGlobalSection
	GlobalSection(NestedProjects) = preSolution
		{9C15AEBA-EE13-0623-A403-630039B2A451} = {DF702D7B-B56F-2457-6ECC-29B745B6114D}
		{18F194E8-3EEC-54A0-5D6E-D5068BDA371F} = {7230FA7B-5E1C-6F72-F17E-3F972237A82C}
		{6E2F6664-90B7-4429-04D1-F81EA2051475} = {DF702D7B-B56F-2457-6ECC-29B745B6114D}
		{8F18A70B-16BE-C6CB-1E57-C157C64CC0D8} = {DF702D7B-B56F-2457-6ECC-29B745B6114D}
		{9E581E4F-06DB-3B49-0BA2-72D80B161A2E} = {DF702D7B-B56F-2457-6ECC-29B745B6114D}
	EndGlobalSection
EndGlobal
