Microsoft Visual Studio Solution File, Format Version 12.00
# Visual Studio 15
Project("{2150E333-8FDC-42A3-9474-1A3956D46DE8}") = "Engine", "Engine", "{7230FA7B-5E1C-6F72-F17E-3F972237A82C}"
EndProject
Project("{8BC9CEB8-8B4A-11D0-8D11-00A0C91BC942}") = "Editor", "Editor\Editor.vcxproj", "{166A5F87-C925-9C8F-2365-769B8DDDF0E5}"
EndProject
Project("{8BC9CEB8-8B4A-11D0-8D11-00A0C91BC942}") = "Engine", "Engine\Engine.vcxproj", "{18F194E8-3EEC-54A0-5D6E-D5068BDA371F}"
EndProject
Global
	GlobalSection(SolutionConfigurationPlatforms) = preSolution
		Debug|Win32 = Debug|Win32
		Debug|x64 = Debug|x64
		Release|Win32 = Release|Win32
		Release|x64 = Release|x64
	EndGlobalSection
	GlobalSection(ProjectConfigurationPlatforms) = postSolution
		{166A5F87-C925-9C8F-2365-769B8DDDF0E5}.Debug|Win32.ActiveCfg = Debug|Win32
		{166A5F87-C925-9C8F-2365-769B8DDDF0E5}.Debug|Win32.Build.0 = Debug|Win32
		{166A5F87-C925-9C8F-2365-769B8DDDF0E5}.Debug|x64.ActiveCfg = Debug|x64
		{166A5F87-C925-9C8F-2365-769B8DDDF0E5}.Debug|x64.Build.0 = Debug|x64
		{166A5F87-C925-9C8F-2365-769B8DDDF0E5}.Release|Win32.ActiveCfg = Release|Win32
		{166A5F87-C925-9C8F-2365-769B8DDDF0E5}.Release|Win32.Build.0 = Release|Win32
		{166A5F87-C925-9C8F-2365-769B8DDDF0E5}.Release|x64.ActiveCfg = Release|x64
		{166A5F87-C925-9C8F-2365-769B8DDDF0E5}.Release|x64.Build.0 = Release|x64
		{18F194E8-3EEC-54A0-5D6E-D5068BDA371F}.Debug|Win32.ActiveCfg = Debug|Win32
		{18F194E8-3EEC-54A0-5D6E-D5068BDA371F}.Debug|Win32.Build.0 = Debug|Win32
		{18F194E8-3EEC-54A0-5D6E-D5068BDA371F}.Debug|x64.ActiveCfg = Debug|x64
		{18F194E8-3EEC-54A0-5D6E-D5068BDA371F}.Debug|x64.Build.0 = Debug|x64
		{18F194E8-3EEC-54A0-5D6E-D5068BDA371F}.Release|Win32.ActiveCfg = Release|Win32
		{18F194E8-3EEC-54A0-5D6E-D5068BDA371F}.Release|Win32.Build.0 = Release|Win32
		{18F194E8-3EEC-54A0-5D6E-D5068BDA371F}.Release|x64.ActiveCfg = Release|x64
		{18F194E8-3EEC-54A0-5D6E-D5068BDA371F}.Release|x64.Build.0 = Release|x64
	EndGlobalSection
	GlobalSection(SolutionProperties) = preSolution
		HideSolutionNode = FALSE
	EndGlobalSection
	GlobalSection(NestedProjects) = preSolution
		{166A5F87-C925-9C8F-2365-769B8DDDF0E5} = {7230FA7B-5E1C-6F72-F17E-3F972237A82C}
		{18F194E8-3EEC-54A0-5D6E-D5068BDA371F} = {7230FA7B-5E1C-6F72-F17E-3F972237A82C}
	EndGlobalSection
EndGlobal
